
Microsoft Visual Studio Solution File, Format Version 11.00
# Visual Studio 2010
Project("{FAE04EC0-301F-11D3-BF4B-00C04F79EFBC}") = "InterProcessMutex", "InterProcessMutex\InterProcessMutex.csproj", "{FAF3CD9E-DC5E-48AC-A708-F83D8254888B}"
EndProject
Project("{FAE04EC0-301F-11D3-BF4B-00C04F79EFBC}") = "InterProcessMutexTests", "InterProcessMutexTests\InterProcessMutexTests.csproj", "{C7024AE8-BDD4-4E1F-BBCB-063C59792427}"
EndProject
Global
	GlobalSection(SolutionConfigurationPlatforms) = preSolution
		Debug|Any CPU = Debug|Any CPU
		Release|Any CPU = Release|Any CPU
	EndGlobalSection
	GlobalSection(ProjectConfigurationPlatforms) = postSolution
		{FAF3CD9E-DC5E-48AC-A708-F83D8254888B}.Debug|Any CPU.ActiveCfg = Debug|Any CPU
		{FAF3CD9E-DC5E-48AC-A708-F83D8254888B}.Debug|Any CPU.Build.0 = Debug|Any CPU
		{FAF3CD9E-DC5E-48AC-A708-F83D8254888B}.Release|Any CPU.ActiveCfg = Release|Any CPU
		{FAF3CD9E-DC5E-48AC-A708-F83D8254888B}.Release|Any CPU.Build.0 = Release|Any CPU
		{C7024AE8-BDD4-4E1F-BBCB-063C59792427}.Debug|Any CPU.ActiveCfg = Debug|Any CPU
		{C7024AE8-BDD4-4E1F-BBCB-063C59792427}.Debug|Any CPU.Build.0 = Debug|Any CPU
		{C7024AE8-BDD4-4E1F-BBCB-063C59792427}.Release|Any CPU.ActiveCfg = Release|Any CPU
		{C7024AE8-BDD4-4E1F-BBCB-063C59792427}.Release|Any CPU.Build.0 = Release|Any CPU
	EndGlobalSection
	GlobalSection(SolutionProperties) = preSolution
		HideSolutionNode = FALSE
	EndGlobalSection
EndGlobal
